
Microsoft Visual Studio Solution File, Format Version 12.00
# Visual Studio Version 17
VisualStudioVersion = 17.0.31903.59
MinimumVisualStudioVersion = 10.0.40219.1
Project("{FAE04EC0-301F-11D3-BF4B-00C04F79EFBC}") = "HRM.Domain", "HRM.Domain\HRM.Domain.csproj", "{D6094362-8D73-4286-912D-7ACAD3373767}"
EndProject
Project("{FAE04EC0-301F-11D3-BF4B-00C04F79EFBC}") = "HRM.Common", "HRM.Common\HRM.Common.csproj", "{B3F32AD8-00CC-41AB-A4C7-30A1D782C424}"
EndProject
Project("{FAE04EC0-301F-11D3-BF4B-00C04F79EFBC}") = "HRM.DAL", "HRM.DAL\HRM.DAL.csproj", "{85DF5386-1A73-440F-9321-8C11F1576F78}"
EndProject
Project("{FAE04EC0-301F-11D3-BF4B-00C04F79EFBC}") = "HRM.BLL", "HRM.BLL\HRM.BLL.csproj", "{A9BB122E-3BEB-4AB0-A9E6-48662D9B6ACB}"
EndProject
Project("{FAE04EC0-301F-11D3-BF4B-00C04F79EFBC}") = "HRM.GUI", "HRM.GUI\HRM.GUI.csproj", "{AE865868-8B8A-4215-B3D9-2023E74AF3D6}"
EndProject
Global
	GlobalSection(SolutionConfigurationPlatforms) = preSolution
		Debug|Any CPU = Debug|Any CPU
		Debug|x64 = Debug|x64
		Debug|x86 = Debug|x86
		Release|Any CPU = Release|Any CPU
		Release|x64 = Release|x64
		Release|x86 = Release|x86
	EndGlobalSection
	GlobalSection(ProjectConfigurationPlatforms) = postSolution
		{D6094362-8D73-4286-912D-7ACAD3373767}.Debug|Any CPU.ActiveCfg = Debug|Any CPU
		{D6094362-8D73-4286-912D-7ACAD3373767}.Debug|Any CPU.Build.0 = Debug|Any CPU
		{D6094362-8D73-4286-912D-7ACAD3373767}.Debug|x64.ActiveCfg = Debug|Any CPU
		{D6094362-8D73-4286-912D-7ACAD3373767}.Debug|x64.Build.0 = Debug|Any CPU
		{D6094362-8D73-4286-912D-7ACAD3373767}.Debug|x86.ActiveCfg = Debug|Any CPU
		{D6094362-8D73-4286-912D-7ACAD3373767}.Debug|x86.Build.0 = Debug|Any CPU
		{D6094362-8D73-4286-912D-7ACAD3373767}.Release|Any CPU.ActiveCfg = Release|Any CPU
		{D6094362-8D73-4286-912D-7ACAD3373767}.Release|Any CPU.Build.0 = Release|Any CPU
		{D6094362-8D73-4286-912D-7ACAD3373767}.Release|x64.ActiveCfg = Release|Any CPU
		{D6094362-8D73-4286-912D-7ACAD3373767}.Release|x64.Build.0 = Release|Any CPU
		{D6094362-8D73-4286-912D-7ACAD3373767}.Release|x86.ActiveCfg = Release|Any CPU
		{D6094362-8D73-4286-912D-7ACAD3373767}.Release|x86.Build.0 = Release|Any CPU
		{B3F32AD8-00CC-41AB-A4C7-30A1D782C424}.Debug|Any CPU.ActiveCfg = Debug|Any CPU
		{B3F32AD8-00CC-41AB-A4C7-30A1D782C424}.Debug|Any CPU.Build.0 = Debug|Any CPU
		{B3F32AD8-00CC-41AB-A4C7-30A1D782C424}.Debug|x64.ActiveCfg = Debug|Any CPU
		{B3F32AD8-00CC-41AB-A4C7-30A1D782C424}.Debug|x64.Build.0 = Debug|Any CPU
		{B3F32AD8-00CC-41AB-A4C7-30A1D782C424}.Debug|x86.ActiveCfg = Debug|Any CPU
		{B3F32AD8-00CC-41AB-A4C7-30A1D782C424}.Debug|x86.Build.0 = Debug|Any CPU
		{B3F32AD8-00CC-41AB-A4C7-30A1D782C424}.Release|Any CPU.ActiveCfg = Release|Any CPU
		{B3F32AD8-00CC-41AB-A4C7-30A1D782C424}.Release|Any CPU.Build.0 = Release|Any CPU
		{B3F32AD8-00CC-41AB-A4C7-30A1D782C424}.Release|x64.ActiveCfg = Release|Any CPU
		{B3F32AD8-00CC-41AB-A4C7-30A1D782C424}.Release|x64.Build.0 = Release|Any CPU
		{B3F32AD8-00CC-41AB-A4C7-30A1D782C424}.Release|x86.ActiveCfg = Release|Any CPU
		{B3F32AD8-00CC-41AB-A4C7-30A1D782C424}.Release|x86.Build.0 = Release|Any CPU
		{85DF5386-1A73-440F-9321-8C11F1576F78}.Debug|Any CPU.ActiveCfg = Debug|Any CPU
		{85DF5386-1A73-440F-9321-8C11F1576F78}.Debug|Any CPU.Build.0 = Debug|Any CPU
		{85DF5386-1A73-440F-9321-8C11F1576F78}.Debug|x64.ActiveCfg = Debug|Any CPU
		{85DF5386-1A73-440F-9321-8C11F1576F78}.Debug|x64.Build.0 = Debug|Any CPU
		{85DF5386-1A73-440F-9321-8C11F1576F78}.Debug|x86.ActiveCfg = Debug|Any CPU
		{85DF5386-1A73-440F-9321-8C11F1576F78}.Debug|x86.Build.0 = Debug|Any CPU
		{85DF5386-1A73-440F-9321-8C11F1576F78}.Release|Any CPU.ActiveCfg = Release|Any CPU
		{85DF5386-1A73-440F-9321-8C11F1576F78}.Release|Any CPU.Build.0 = Release|Any CPU
		{85DF5386-1A73-440F-9321-8C11F1576F78}.Release|x64.ActiveCfg = Release|Any CPU
		{85DF5386-1A73-440F-9321-8C11F1576F78}.Release|x64.Build.0 = Release|Any CPU
		{85DF5386-1A73-440F-9321-8C11F1576F78}.Release|x86.ActiveCfg = Release|Any CPU
		{85DF5386-1A73-440F-9321-8C11F1576F78}.Release|x86.Build.0 = Release|Any CPU
		{A9BB122E-3BEB-4AB0-A9E6-48662D9B6ACB}.Debug|Any CPU.ActiveCfg = Debug|Any CPU
		{A9BB122E-3BEB-4AB0-A9E6-48662D9B6ACB}.Debug|Any CPU.Build.0 = Debug|Any CPU
		{A9BB122E-3BEB-4AB0-A9E6-48662D9B6ACB}.Debug|x64.ActiveCfg = Debug|Any CPU
		{A9BB122E-3BEB-4AB0-A9E6-48662D9B6ACB}.Debug|x64.Build.0 = Debug|Any CPU
		{A9BB122E-3BEB-4AB0-A9E6-48662D9B6ACB}.Debug|x86.ActiveCfg = Debug|Any CPU
		{A9BB122E-3BEB-4AB0-A9E6-48662D9B6ACB}.Debug|x86.Build.0 = Debug|Any CPU
		{A9BB122E-3BEB-4AB0-A9E6-48662D9B6ACB}.Release|Any CPU.ActiveCfg = Release|Any CPU
		{A9BB122E-3BEB-4AB0-A9E6-48662D9B6ACB}.Release|Any CPU.Build.0 = Release|Any CPU
		{A9BB122E-3BEB-4AB0-A9E6-48662D9B6ACB}.Release|x64.ActiveCfg = Release|Any CPU
		{A9BB122E-3BEB-4AB0-A9E6-48662D9B6ACB}.Release|x64.Build.0 = Release|Any CPU
		{A9BB122E-3BEB-4AB0-A9E6-48662D9B6ACB}.Release|x86.ActiveCfg = Release|Any CPU
		{A9BB122E-3BEB-4AB0-A9E6-48662D9B6ACB}.Release|x86.Build.0 = Release|Any CPU
		{AE865868-8B8A-4215-B3D9-2023E74AF3D6}.Debug|Any CPU.ActiveCfg = Debug|Any CPU
		{AE865868-8B8A-4215-B3D9-2023E74AF3D6}.Debug|Any CPU.Build.0 = Debug|Any CPU
		{AE865868-8B8A-4215-B3D9-2023E74AF3D6}.Debug|x64.ActiveCfg = Debug|Any CPU
		{AE865868-8B8A-4215-B3D9-2023E74AF3D6}.Debug|x64.Build.0 = Debug|Any CPU
		{AE865868-8B8A-4215-B3D9-2023E74AF3D6}.Debug|x86.ActiveCfg = Debug|Any CPU
		{AE865868-8B8A-4215-B3D9-2023E74AF3D6}.Debug|x86.Build.0 = Debug|Any CPU
		{AE865868-8B8A-4215-B3D9-2023E74AF3D6}.Release|Any CPU.ActiveCfg = Release|Any CPU
		{AE865868-8B8A-4215-B3D9-2023E74AF3D6}.Release|Any CPU.Build.0 = Release|Any CPU
		{AE865868-8B8A-4215-B3D9-2023E74AF3D6}.Release|x64.ActiveCfg = Release|Any CPU
		{AE865868-8B8A-4215-B3D9-2023E74AF3D6}.Release|x64.Build.0 = Release|Any CPU
		{AE865868-8B8A-4215-B3D9-2023E74AF3D6}.Release|x86.ActiveCfg = Release|Any CPU
		{AE865868-8B8A-4215-B3D9-2023E74AF3D6}.Release|x86.Build.0 = Release|Any CPU
	EndGlobalSection
	GlobalSection(SolutionProperties) = preSolution
		HideSolutionNode = FALSE
	EndGlobalSection
EndGlobal
